
Microsoft Visual Studio Solution File, Format Version 12.00
# Visual Studio Version 16
VisualStudioVersion = 16.0.30320.27
MinimumVisualStudioVersion = 10.0.40219.1
Project("{2150E333-8FDC-42A3-9474-1A3956D46DE8}") = "Microservices", "Microservices", "{7E2256A7-4694-44AB-8EE8-579AC350EAD2}"
EndProject
Project("{2150E333-8FDC-42A3-9474-1A3956D46DE8}") = "Domain", "Domain", "{662ADEE6-164A-4DBE-99D9-A8E15075170C}"
EndProject
Project("{2150E333-8FDC-42A3-9474-1A3956D46DE8}") = "Infra.Bus", "Infra.Bus", "{2987D7A1-744E-4390-87A0-F07422A6D274}"
EndProject
Project("{2150E333-8FDC-42A3-9474-1A3956D46DE8}") = "Infra.IoC", "Infra.IoC", "{2C839D6D-310C-4363-A439-C13D2E8972B8}"
EndProject
Project("{2150E333-8FDC-42A3-9474-1A3956D46DE8}") = "Presentation", "Presentation", "{2516D0FE-FD5B-4BCD-82B2-A39D4C566876}"
EndProject
Project("{9A19103F-16F7-4668-BE54-9A1E7A4F7556}") = "MicroRabbit.Domain.Core", "MicroRabbit.Domain.Core\MicroRabbit.Domain.Core.csproj", "{D7B6ACF0-4B9C-4639-B30E-AD160CBF8C68}"
EndProject
Project("{9A19103F-16F7-4668-BE54-9A1E7A4F7556}") = "MicroRabbit.Infrastructure.Bus", "MicroRabbit.Infrastructure.Bus\MicroRabbit.Infrastructure.Bus.csproj", "{E8E492CC-84DC-4C59-92BA-99728ED00136}"
EndProject
Project("{9A19103F-16F7-4668-BE54-9A1E7A4F7556}") = "MicroRabbit.Infra.IoC", "MicroRabbit.Infra.IoC\MicroRabbit.Infra.IoC.csproj", "{654ABF14-1BB7-42D6-83F2-DF2066BC3F30}"
EndProject
Project("{2150E333-8FDC-42A3-9474-1A3956D46DE8}") = "Banking", "Banking", "{60B0C28E-A7C4-4ADF-9878-A70547146498}"
EndProject
Project("{2150E333-8FDC-42A3-9474-1A3956D46DE8}") = "Api", "Api", "{89B4F1B6-0183-4143-BBD3-EC42D384E7FE}"
EndProject
Project("{2150E333-8FDC-42A3-9474-1A3956D46DE8}") = "Domain", "Domain", "{F0C6447B-4197-4366-AF49-8D2D59205C92}"
EndProject
Project("{2150E333-8FDC-42A3-9474-1A3956D46DE8}") = "Application", "Application", "{25356A83-0DFC-49CD-89C4-D43E91E88EFC}"
EndProject
Project("{2150E333-8FDC-42A3-9474-1A3956D46DE8}") = "Data", "Data", "{DCF7D420-E1A5-4972-96D7-831323999555}"
EndProject
Project("{9A19103F-16F7-4668-BE54-9A1E7A4F7556}") = "MicroRabbit.Banking.Api", "MicroRabbit.Banking.Api\MicroRabbit.Banking.Api.csproj", "{70A61F09-FD6E-4674-9E9E-3EA8C6707861}"
EndProject
Project("{9A19103F-16F7-4668-BE54-9A1E7A4F7556}") = "MicroRabbit.Banking.Application", "MicroRabbit.Banking.Application\MicroRabbit.Banking.Application.csproj", "{F5D0322C-4438-4567-9A68-DDB1A82B2EFE}"
EndProject
Project("{9A19103F-16F7-4668-BE54-9A1E7A4F7556}") = "MicroRabbit.Banking.Data", "MicroRabbit.Banking.Data\MicroRabbit.Banking.Data.csproj", "{D3249DE8-144C-4EDF-9170-D070D08459BE}"
EndProject
Project("{9A19103F-16F7-4668-BE54-9A1E7A4F7556}") = "MicroRabbit.Banking.Domain", "MicroRabbit.Banking.Domain\MicroRabbit.Banking.Domain.csproj", "{096D6656-E3F7-45EF-96D2-73C1A2BCB84C}"
EndProject
Project("{2150E333-8FDC-42A3-9474-1A3956D46DE8}") = "Transfer", "Transfer", "{FD155B40-E35A-4DAE-AEC5-C89216B91695}"
EndProject
Project("{2150E333-8FDC-42A3-9474-1A3956D46DE8}") = "Api", "Api", "{AA5F16C9-847E-4DD7-B976-B83F3CF7D969}"
EndProject
Project("{2150E333-8FDC-42A3-9474-1A3956D46DE8}") = "Domain", "Domain", "{6130399A-04FA-4A7F-80B6-4D2CADC2C8DB}"
EndProject
Project("{2150E333-8FDC-42A3-9474-1A3956D46DE8}") = "Data", "Data", "{C5B29E59-7C73-41A7-9775-00F2E254F94F}"
EndProject
Project("{2150E333-8FDC-42A3-9474-1A3956D46DE8}") = "Application", "Application", "{C635844E-2EB9-4622-AEE6-A4D1F46AE81B}"
EndProject
Project("{FAE04EC0-301F-11D3-BF4B-00C04F79EFBC}") = "MicroRabbit.Transfer.Api", "MicroRabbit.Transfer.Api\MicroRabbit.Transfer.Api.csproj", "{D83A5615-F744-411C-B1E8-3398287148A5}"
EndProject
Project("{FAE04EC0-301F-11D3-BF4B-00C04F79EFBC}") = "MicroRabbit.Transfer.Application", "MicroRabbit.Transfer.Application\MicroRabbit.Transfer.Application.csproj", "{E7C48938-C0BD-4D0B-8E86-43209B571041}"
EndProject
Project("{FAE04EC0-301F-11D3-BF4B-00C04F79EFBC}") = "MicroRabbit.Transfer.Domain", "MicroRabbit.Transfer.Domain\MicroRabbit.Transfer.Domain.csproj", "{40615A12-476E-4C10-B513-DB34D9AD20B1}"
EndProject
Project("{FAE04EC0-301F-11D3-BF4B-00C04F79EFBC}") = "MicroRabbit.Transfer.Dat", "MicroRabbit.Transfer.Dat\MicroRabbit.Transfer.Dat.csproj", "{26BB09CB-51BD-4DB8-B7DA-996049BB7C15}"
EndProject
Global
	GlobalSection(SolutionConfigurationPlatforms) = preSolution
		Debug|Any CPU = Debug|Any CPU
		Release|Any CPU = Release|Any CPU
	EndGlobalSection
	GlobalSection(ProjectConfigurationPlatforms) = postSolution
		{D7B6ACF0-4B9C-4639-B30E-AD160CBF8C68}.Debug|Any CPU.ActiveCfg = Debug|Any CPU
		{D7B6ACF0-4B9C-4639-B30E-AD160CBF8C68}.Debug|Any CPU.Build.0 = Debug|Any CPU
		{D7B6ACF0-4B9C-4639-B30E-AD160CBF8C68}.Release|Any CPU.ActiveCfg = Release|Any CPU
		{D7B6ACF0-4B9C-4639-B30E-AD160CBF8C68}.Release|Any CPU.Build.0 = Release|Any CPU
		{E8E492CC-84DC-4C59-92BA-99728ED00136}.Debug|Any CPU.ActiveCfg = Debug|Any CPU
		{E8E492CC-84DC-4C59-92BA-99728ED00136}.Debug|Any CPU.Build.0 = Debug|Any CPU
		{E8E492CC-84DC-4C59-92BA-99728ED00136}.Release|Any CPU.ActiveCfg = Release|Any CPU
		{E8E492CC-84DC-4C59-92BA-99728ED00136}.Release|Any CPU.Build.0 = Release|Any CPU
		{654ABF14-1BB7-42D6-83F2-DF2066BC3F30}.Debug|Any CPU.ActiveCfg = Debug|Any CPU
		{654ABF14-1BB7-42D6-83F2-DF2066BC3F30}.Debug|Any CPU.Build.0 = Debug|Any CPU
		{654ABF14-1BB7-42D6-83F2-DF2066BC3F30}.Release|Any CPU.ActiveCfg = Release|Any CPU
		{654ABF14-1BB7-42D6-83F2-DF2066BC3F30}.Release|Any CPU.Build.0 = Release|Any CPU
		{70A61F09-FD6E-4674-9E9E-3EA8C6707861}.Debug|Any CPU.ActiveCfg = Debug|Any CPU
		{70A61F09-FD6E-4674-9E9E-3EA8C6707861}.Debug|Any CPU.Build.0 = Debug|Any CPU
		{70A61F09-FD6E-4674-9E9E-3EA8C6707861}.Release|Any CPU.ActiveCfg = Release|Any CPU
		{70A61F09-FD6E-4674-9E9E-3EA8C6707861}.Release|Any CPU.Build.0 = Release|Any CPU
		{F5D0322C-4438-4567-9A68-DDB1A82B2EFE}.Debug|Any CPU.ActiveCfg = Debug|Any CPU
		{F5D0322C-4438-4567-9A68-DDB1A82B2EFE}.Debug|Any CPU.Build.0 = Debug|Any CPU
		{F5D0322C-4438-4567-9A68-DDB1A82B2EFE}.Release|Any CPU.ActiveCfg = Release|Any CPU
		{F5D0322C-4438-4567-9A68-DDB1A82B2EFE}.Release|Any CPU.Build.0 = Release|Any CPU
		{D3249DE8-144C-4EDF-9170-D070D08459BE}.Debug|Any CPU.ActiveCfg = Debug|Any CPU
		{D3249DE8-144C-4EDF-9170-D070D08459BE}.Debug|Any CPU.Build.0 = Debug|Any CPU
		{D3249DE8-144C-4EDF-9170-D070D08459BE}.Release|Any CPU.ActiveCfg = Release|Any CPU
		{D3249DE8-144C-4EDF-9170-D070D08459BE}.Release|Any CPU.Build.0 = Release|Any CPU
		{096D6656-E3F7-45EF-96D2-73C1A2BCB84C}.Debug|Any CPU.ActiveCfg = Debug|Any CPU
		{096D6656-E3F7-45EF-96D2-73C1A2BCB84C}.Debug|Any CPU.Build.0 = Debug|Any CPU
		{096D6656-E3F7-45EF-96D2-73C1A2BCB84C}.Release|Any CPU.ActiveCfg = Release|Any CPU
		{096D6656-E3F7-45EF-96D2-73C1A2BCB84C}.Release|Any CPU.Build.0 = Release|Any CPU
		{D83A5615-F744-411C-B1E8-3398287148A5}.Debug|Any CPU.ActiveCfg = Debug|Any CPU
		{D83A5615-F744-411C-B1E8-3398287148A5}.Debug|Any CPU.Build.0 = Debug|Any CPU
		{D83A5615-F744-411C-B1E8-3398287148A5}.Release|Any CPU.ActiveCfg = Release|Any CPU
		{D83A5615-F744-411C-B1E8-3398287148A5}.Release|Any CPU.Build.0 = Release|Any CPU
		{E7C48938-C0BD-4D0B-8E86-43209B571041}.Debug|Any CPU.ActiveCfg = Debug|Any CPU
		{E7C48938-C0BD-4D0B-8E86-43209B571041}.Debug|Any CPU.Build.0 = Debug|Any CPU
		{E7C48938-C0BD-4D0B-8E86-43209B571041}.Release|Any CPU.ActiveCfg = Release|Any CPU
		{E7C48938-C0BD-4D0B-8E86-43209B571041}.Release|Any CPU.Build.0 = Release|Any CPU
		{40615A12-476E-4C10-B513-DB34D9AD20B1}.Debug|Any CPU.ActiveCfg = Debug|Any CPU
		{40615A12-476E-4C10-B513-DB34D9AD20B1}.Debug|Any CPU.Build.0 = Debug|Any CPU
		{40615A12-476E-4C10-B513-DB34D9AD20B1}.Release|Any CPU.ActiveCfg = Release|Any CPU
		{40615A12-476E-4C10-B513-DB34D9AD20B1}.Release|Any CPU.Build.0 = Release|Any CPU
		{26BB09CB-51BD-4DB8-B7DA-996049BB7C15}.Debug|Any CPU.ActiveCfg = Debug|Any CPU
		{26BB09CB-51BD-4DB8-B7DA-996049BB7C15}.Debug|Any CPU.Build.0 = Debug|Any CPU
		{26BB09CB-51BD-4DB8-B7DA-996049BB7C15}.Release|Any CPU.ActiveCfg = Release|Any CPU
		{26BB09CB-51BD-4DB8-B7DA-996049BB7C15}.Release|Any CPU.Build.0 = Release|Any CPU
	EndGlobalSection
	GlobalSection(SolutionProperties) = preSolution
		HideSolutionNode = FALSE
	EndGlobalSection
	GlobalSection(NestedProjects) = preSolution
		{D7B6ACF0-4B9C-4639-B30E-AD160CBF8C68} = {662ADEE6-164A-4DBE-99D9-A8E15075170C}
		{E8E492CC-84DC-4C59-92BA-99728ED00136} = {2987D7A1-744E-4390-87A0-F07422A6D274}
		{654ABF14-1BB7-42D6-83F2-DF2066BC3F30} = {2C839D6D-310C-4363-A439-C13D2E8972B8}
		{60B0C28E-A7C4-4ADF-9878-A70547146498} = {7E2256A7-4694-44AB-8EE8-579AC350EAD2}
		{89B4F1B6-0183-4143-BBD3-EC42D384E7FE} = {60B0C28E-A7C4-4ADF-9878-A70547146498}
		{F0C6447B-4197-4366-AF49-8D2D59205C92} = {60B0C28E-A7C4-4ADF-9878-A70547146498}
		{25356A83-0DFC-49CD-89C4-D43E91E88EFC} = {60B0C28E-A7C4-4ADF-9878-A70547146498}
		{DCF7D420-E1A5-4972-96D7-831323999555} = {60B0C28E-A7C4-4ADF-9878-A70547146498}
		{70A61F09-FD6E-4674-9E9E-3EA8C6707861} = {89B4F1B6-0183-4143-BBD3-EC42D384E7FE}
		{F5D0322C-4438-4567-9A68-DDB1A82B2EFE} = {25356A83-0DFC-49CD-89C4-D43E91E88EFC}
		{D3249DE8-144C-4EDF-9170-D070D08459BE} = {DCF7D420-E1A5-4972-96D7-831323999555}
		{096D6656-E3F7-45EF-96D2-73C1A2BCB84C} = {F0C6447B-4197-4366-AF49-8D2D59205C92}
		{FD155B40-E35A-4DAE-AEC5-C89216B91695} = {7E2256A7-4694-44AB-8EE8-579AC350EAD2}
		{AA5F16C9-847E-4DD7-B976-B83F3CF7D969} = {FD155B40-E35A-4DAE-AEC5-C89216B91695}
		{6130399A-04FA-4A7F-80B6-4D2CADC2C8DB} = {FD155B40-E35A-4DAE-AEC5-C89216B91695}
		{C5B29E59-7C73-41A7-9775-00F2E254F94F} = {FD155B40-E35A-4DAE-AEC5-C89216B91695}
		{C635844E-2EB9-4622-AEE6-A4D1F46AE81B} = {FD155B40-E35A-4DAE-AEC5-C89216B91695}
		{D83A5615-F744-411C-B1E8-3398287148A5} = {AA5F16C9-847E-4DD7-B976-B83F3CF7D969}
		{E7C48938-C0BD-4D0B-8E86-43209B571041} = {C635844E-2EB9-4622-AEE6-A4D1F46AE81B}
		{40615A12-476E-4C10-B513-DB34D9AD20B1} = {6130399A-04FA-4A7F-80B6-4D2CADC2C8DB}
		{26BB09CB-51BD-4DB8-B7DA-996049BB7C15} = {C5B29E59-7C73-41A7-9775-00F2E254F94F}
	EndGlobalSection
	GlobalSection(ExtensibilityGlobals) = postSolution
		SolutionGuid = {25012BA6-9FD1-4AD3-BFE1-70C96EF4D453}
	EndGlobalSection
EndGlobal
