
Microsoft Visual Studio Solution File, Format Version 12.00
# Visual Studio Version 16
VisualStudioVersion = 16.0.30320.27
MinimumVisualStudioVersion = 10.0.40219.1
Project("{2150E333-8FDC-42A3-9474-1A3956D46DE8}") = "Microservices", "Microservices", "{7E2256A7-4694-44AB-8EE8-579AC350EAD2}"
EndProject
Project("{2150E333-8FDC-42A3-9474-1A3956D46DE8}") = "Domain", "Domain", "{662ADEE6-164A-4DBE-99D9-A8E15075170C}"
EndProject
Project("{2150E333-8FDC-42A3-9474-1A3956D46DE8}") = "Infra.Bus", "Infra.Bus", "{2987D7A1-744E-4390-87A0-F07422A6D274}"
EndProject
Project("{2150E333-8FDC-42A3-9474-1A3956D46DE8}") = "Infra.IoC", "Infra.IoC", "{2C839D6D-310C-4363-A439-C13D2E8972B8}"
EndProject
Project("{2150E333-8FDC-42A3-9474-1A3956D46DE8}") = "Presentation", "Presentation", "{2516D0FE-FD5B-4BCD-82B2-A39D4C566876}"
EndProject
Project("{FAE04EC0-301F-11D3-BF4B-00C04F79EFBC}") = "MicroRabbit.Domain.Core", "MicroRabbit.Domain.Core\MicroRabbit.Domain.Core.csproj", "{D7B6ACF0-4B9C-4639-B30E-AD160CBF8C68}"
EndProject
Project("{FAE04EC0-301F-11D3-BF4B-00C04F79EFBC}") = "MicroRabbit.Infrastructure.Bus", "MicroRabbit.Infrastructure.Bus\MicroRabbit.Infrastructure.Bus.csproj", "{E8E492CC-84DC-4C59-92BA-99728ED00136}"
EndProject
Global
	GlobalSection(SolutionConfigurationPlatforms) = preSolution
		Debug|Any CPU = Debug|Any CPU
		Release|Any CPU = Release|Any CPU
	EndGlobalSection
	GlobalSection(ProjectConfigurationPlatforms) = postSolution
		{D7B6ACF0-4B9C-4639-B30E-AD160CBF8C68}.Debug|Any CPU.ActiveCfg = Debug|Any CPU
		{D7B6ACF0-4B9C-4639-B30E-AD160CBF8C68}.Debug|Any CPU.Build.0 = Debug|Any CPU
		{D7B6ACF0-4B9C-4639-B30E-AD160CBF8C68}.Release|Any CPU.ActiveCfg = Release|Any CPU
		{D7B6ACF0-4B9C-4639-B30E-AD160CBF8C68}.Release|Any CPU.Build.0 = Release|Any CPU
		{E8E492CC-84DC-4C59-92BA-99728ED00136}.Debug|Any CPU.ActiveCfg = Debug|Any CPU
		{E8E492CC-84DC-4C59-92BA-99728ED00136}.Debug|Any CPU.Build.0 = Debug|Any CPU
		{E8E492CC-84DC-4C59-92BA-99728ED00136}.Release|Any CPU.ActiveCfg = Release|Any CPU
		{E8E492CC-84DC-4C59-92BA-99728ED00136}.Release|Any CPU.Build.0 = Release|Any CPU
	EndGlobalSection
	GlobalSection(SolutionProperties) = preSolution
		HideSolutionNode = FALSE
	EndGlobalSection
	GlobalSection(NestedProjects) = preSolution
		{D7B6ACF0-4B9C-4639-B30E-AD160CBF8C68} = {662ADEE6-164A-4DBE-99D9-A8E15075170C}
		{E8E492CC-84DC-4C59-92BA-99728ED00136} = {2987D7A1-744E-4390-87A0-F07422A6D274}
	EndGlobalSection
	GlobalSection(ExtensibilityGlobals) = postSolution
		SolutionGuid = {25012BA6-9FD1-4AD3-BFE1-70C96EF4D453}
	EndGlobalSection
EndGlobal
